
Microsoft Visual Studio Solution File, Format Version 12.00
# Visual Studio Version 17
VisualStudioVersion = 17.4.33103.184
MinimumVisualStudioVersion = 10.0.40219.1
Project("{9A19103F-16F7-4668-BE54-9A1E7A4F7556}") = "Task1", "HMP_Inheritance\Task1.csproj", "{65C65B85-71B4-448D-9BD4-3B13596F7494}"
EndProject
Project("{9A19103F-16F7-4668-BE54-9A1E7A4F7556}") = "TeacherLib", "TeacherLib\TeacherLib.csproj", "{372213FF-C7BC-4051-B86D-A0B0980B6534}"
EndProject
Project("{9A19103F-16F7-4668-BE54-9A1E7A4F7556}") = "PersonLib", "PersonLib\PersonLib.csproj", "{7ED3371C-B004-43FA-8D02-599BBC65DF54}"
EndProject
Project("{9A19103F-16F7-4668-BE54-9A1E7A4F7556}") = "StudentLib", "StudentLib\StudentLib.csproj", "{59CD25FF-AFB3-4364-AAC2-7DE4272514C2}"
EndProject
Project("{9A19103F-16F7-4668-BE54-9A1E7A4F7556}") = "StudentWithAdvisorLib", "StudentWithAdvisorLib\StudentWithAdvisorLib.csproj", "{89D4A681-6D57-4B61-89E9-398EC19ED343}"
EndProject
Project("{FAE04EC0-301F-11D3-BF4B-00C04F79EFBC}") = "Tests", "Tests\Tests.csproj", "{ADAC5296-DB80-417A-9622-C5EF968A1259}"
EndProject
Project("{2150E333-8FDC-42A3-9474-1A3956D46DE8}") = "Task1", "Task1", "{B11ACC4A-1CD3-480D-BA2C-F5853E54E007}"
EndProject
Project("{2150E333-8FDC-42A3-9474-1A3956D46DE8}") = "Task2", "Task2", "{E55100C7-DE24-4D00-90B2-30C5DC34C990}"
EndProject
Project("{FAE04EC0-301F-11D3-BF4B-00C04F79EFBC}") = "Task2", "Task2\Task2.csproj", "{138D9951-BC1E-465D-BACA-BCF20A88A54C}"
EndProject
Project("{2150E333-8FDC-42A3-9474-1A3956D46DE8}") = "Task3", "Task3", "{7023DF23-6441-4DAA-89B3-2791042F900E}"
EndProject
Project("{FAE04EC0-301F-11D3-BF4B-00C04F79EFBC}") = "Task3", "Task3\Task3.csproj", "{ED520924-9381-48EF-BE4C-C0B86A32AA1C}"
EndProject
Global
	GlobalSection(SolutionConfigurationPlatforms) = preSolution
		Debug|Any CPU = Debug|Any CPU
		Release|Any CPU = Release|Any CPU
	EndGlobalSection
	GlobalSection(ProjectConfigurationPlatforms) = postSolution
		{65C65B85-71B4-448D-9BD4-3B13596F7494}.Debug|Any CPU.ActiveCfg = Debug|Any CPU
		{65C65B85-71B4-448D-9BD4-3B13596F7494}.Debug|Any CPU.Build.0 = Debug|Any CPU
		{65C65B85-71B4-448D-9BD4-3B13596F7494}.Release|Any CPU.ActiveCfg = Release|Any CPU
		{65C65B85-71B4-448D-9BD4-3B13596F7494}.Release|Any CPU.Build.0 = Release|Any CPU
		{372213FF-C7BC-4051-B86D-A0B0980B6534}.Debug|Any CPU.ActiveCfg = Debug|Any CPU
		{372213FF-C7BC-4051-B86D-A0B0980B6534}.Debug|Any CPU.Build.0 = Debug|Any CPU
		{372213FF-C7BC-4051-B86D-A0B0980B6534}.Release|Any CPU.ActiveCfg = Release|Any CPU
		{372213FF-C7BC-4051-B86D-A0B0980B6534}.Release|Any CPU.Build.0 = Release|Any CPU
		{7ED3371C-B004-43FA-8D02-599BBC65DF54}.Debug|Any CPU.ActiveCfg = Debug|Any CPU
		{7ED3371C-B004-43FA-8D02-599BBC65DF54}.Debug|Any CPU.Build.0 = Debug|Any CPU
		{7ED3371C-B004-43FA-8D02-599BBC65DF54}.Release|Any CPU.ActiveCfg = Release|Any CPU
		{7ED3371C-B004-43FA-8D02-599BBC65DF54}.Release|Any CPU.Build.0 = Release|Any CPU
		{59CD25FF-AFB3-4364-AAC2-7DE4272514C2}.Debug|Any CPU.ActiveCfg = Debug|Any CPU
		{59CD25FF-AFB3-4364-AAC2-7DE4272514C2}.Debug|Any CPU.Build.0 = Debug|Any CPU
		{59CD25FF-AFB3-4364-AAC2-7DE4272514C2}.Release|Any CPU.ActiveCfg = Release|Any CPU
		{59CD25FF-AFB3-4364-AAC2-7DE4272514C2}.Release|Any CPU.Build.0 = Release|Any CPU
		{89D4A681-6D57-4B61-89E9-398EC19ED343}.Debug|Any CPU.ActiveCfg = Debug|Any CPU
		{89D4A681-6D57-4B61-89E9-398EC19ED343}.Debug|Any CPU.Build.0 = Debug|Any CPU
		{89D4A681-6D57-4B61-89E9-398EC19ED343}.Release|Any CPU.ActiveCfg = Release|Any CPU
		{89D4A681-6D57-4B61-89E9-398EC19ED343}.Release|Any CPU.Build.0 = Release|Any CPU
		{ADAC5296-DB80-417A-9622-C5EF968A1259}.Debug|Any CPU.ActiveCfg = Debug|Any CPU
		{ADAC5296-DB80-417A-9622-C5EF968A1259}.Debug|Any CPU.Build.0 = Debug|Any CPU
		{ADAC5296-DB80-417A-9622-C5EF968A1259}.Release|Any CPU.ActiveCfg = Release|Any CPU
		{ADAC5296-DB80-417A-9622-C5EF968A1259}.Release|Any CPU.Build.0 = Release|Any CPU
		{138D9951-BC1E-465D-BACA-BCF20A88A54C}.Debug|Any CPU.ActiveCfg = Debug|Any CPU
		{138D9951-BC1E-465D-BACA-BCF20A88A54C}.Debug|Any CPU.Build.0 = Debug|Any CPU
		{138D9951-BC1E-465D-BACA-BCF20A88A54C}.Release|Any CPU.ActiveCfg = Release|Any CPU
		{138D9951-BC1E-465D-BACA-BCF20A88A54C}.Release|Any CPU.Build.0 = Release|Any CPU
		{ED520924-9381-48EF-BE4C-C0B86A32AA1C}.Debug|Any CPU.ActiveCfg = Debug|Any CPU
		{ED520924-9381-48EF-BE4C-C0B86A32AA1C}.Debug|Any CPU.Build.0 = Debug|Any CPU
		{ED520924-9381-48EF-BE4C-C0B86A32AA1C}.Release|Any CPU.ActiveCfg = Release|Any CPU
		{ED520924-9381-48EF-BE4C-C0B86A32AA1C}.Release|Any CPU.Build.0 = Release|Any CPU
	EndGlobalSection
	GlobalSection(SolutionProperties) = preSolution
		HideSolutionNode = FALSE
	EndGlobalSection
	GlobalSection(NestedProjects) = preSolution
		{65C65B85-71B4-448D-9BD4-3B13596F7494} = {B11ACC4A-1CD3-480D-BA2C-F5853E54E007}
		{372213FF-C7BC-4051-B86D-A0B0980B6534} = {B11ACC4A-1CD3-480D-BA2C-F5853E54E007}
		{7ED3371C-B004-43FA-8D02-599BBC65DF54} = {B11ACC4A-1CD3-480D-BA2C-F5853E54E007}
		{59CD25FF-AFB3-4364-AAC2-7DE4272514C2} = {B11ACC4A-1CD3-480D-BA2C-F5853E54E007}
		{89D4A681-6D57-4B61-89E9-398EC19ED343} = {B11ACC4A-1CD3-480D-BA2C-F5853E54E007}
		{138D9951-BC1E-465D-BACA-BCF20A88A54C} = {E55100C7-DE24-4D00-90B2-30C5DC34C990}
		{ED520924-9381-48EF-BE4C-C0B86A32AA1C} = {7023DF23-6441-4DAA-89B3-2791042F900E}
	EndGlobalSection
	GlobalSection(ExtensibilityGlobals) = postSolution
		SolutionGuid = {F7C9CA56-EE72-489B-A3C5-57ECC30FBD22}
	EndGlobalSection
EndGlobal
